
Microsoft Visual Studio Solution File, Format Version 12.00
# Visual Studio 15
VisualStudioVersion = 15.0.28307.329
MinimumVisualStudioVersion = 10.0.40219.1
Project("{FAE04EC0-301F-11D3-BF4B-00C04F79EFBC}") = "HomeWork1", "HomeWork1\HomeWork1.csproj", "{F7D45E3A-F6D6-43AF-BE83-B6A4C93357CA}"
EndProject
Global
	GlobalSection(SolutionConfigurationPlatforms) = preSolution
		Debug|Any CPU = Debug|Any CPU
		Release|Any CPU = Release|Any CPU
	EndGlobalSection
	GlobalSection(ProjectConfigurationPlatforms) = postSolution
		{F7D45E3A-F6D6-43AF-BE83-B6A4C93357CA}.Debug|Any CPU.ActiveCfg = Debug|Any CPU
		{F7D45E3A-F6D6-43AF-BE83-B6A4C93357CA}.Debug|Any CPU.Build.0 = Debug|Any CPU
		{F7D45E3A-F6D6-43AF-BE83-B6A4C93357CA}.Release|Any CPU.ActiveCfg = Release|Any CPU
		{F7D45E3A-F6D6-43AF-BE83-B6A4C93357CA}.Release|Any CPU.Build.0 = Release|Any CPU
	EndGlobalSection
	GlobalSection(SolutionProperties) = preSolution
		HideSolutionNode = FALSE
	EndGlobalSection
	GlobalSection(ExtensibilityGlobals) = postSolution
		SolutionGuid = {0C14EE15-F2AA-46B3-B7D6-70534A0176E4}
	EndGlobalSection
EndGlobal
